<Solution>
  <Folder Name="/src/">
    <Project Path="src/WordBuddy.API/WordBuddy.API.csproj" />
    <Project Path="src/WordBuddy.Application/WordBuddy.Application.csproj" />
    <Project Path="src/WordBuddy.Domain/WordBuddy.Domain.csproj" />
    <Project Path="src/WordBuddy.Infrastructure/WordBuddy.Infrastructure.csproj" />
  </Folder>
  <Folder Name="/tests/">
    <Project Path="tests/WordBuddy.Tests/WordBuddy.Tests.csproj" />
  </Folder>
</Solution>
